schema: '2.0'
stages:
  preprocess:
    cmd: python src/preprocess.py
    deps:
    - path: data/raw/heart_cleveland_upload.csv
      md5: 9f536dad38229ca519687b116f1d632a
      size: 11106
    - path: src/preprocess.py
      md5: a7483727a9d8d9cc87490d902371092f
      size: 355
    outs:
    - path: data/processed/test.csv
      md5: ef20f962c2ca840be53bb4125c1591b1
      size: 3732
    - path: data/processed/training.csv
      md5: 69de03c01a7077734ba59a062845a527
      size: 8493
