schema: '2.0'
stages:
  preprocess:
    cmd: python src/preprocess.py
    deps:
    - path: data/raw/heart_cleveland_upload.csv
      md5: 9f536dad38229ca519687b116f1d632a
      size: 11106
    - path: src/preprocess.py
      md5: a7483727a9d8d9cc87490d902371092f
      size: 355
    outs:
    - path: data/processed/test.csv
      md5: ef20f962c2ca840be53bb4125c1591b1
      size: 3732
    - path: data/processed/training.csv
      md5: 69de03c01a7077734ba59a062845a527
      size: 8493
  tune_hyperparameters:
    cmd: python src/tune.py
    deps:
    - path: data/processed/test.csv
      md5: ef20f962c2ca840be53bb4125c1591b1
      size: 3732
    - path: data/processed/training.csv
      md5: 69de03c01a7077734ba59a062845a527
      size: 8493
    - path: src/tune.py
      md5: f4a05c329bc290f9d0cc5ec78149bb1c
      size: 1005
    outs:
    - path: results/tuned_hyperparameters.json
      md5: 0317b346f87ffe5dd9beab1e897b0b73
      size: 31
  train:
    cmd: python src/train.py
    deps:
    - path: data/processed/training.csv
      md5: 69de03c01a7077734ba59a062845a527
      size: 8493
    - path: results/tuned_hyperparameters.json
      md5: 0317b346f87ffe5dd9beab1e897b0b73
      size: 31
    - path: src/train.py
      md5: 1a07dc4062537dfe57df8ecb487222e7
      size: 775
    outs:
    - path: models/logistic_regression.pickle
      md5: d38c6f76bf8f53151a62e6aec05dd1a4
      size: 1725
